PODS:
  - AFNetworking (4.0.1):
    - AFNetworking/NSURLSession (= 4.0.1)
    - AFNetworking/Reachability (= 4.0.1)
    - AFNetworking/Security (= 4.0.1)
    - AFNetworking/Serialization (= 4.0.1)
    - AFNetworking/UIKit (= 4.0.1)
  - AFNetworking/NSURLSession (4.0.1):
    - AFNetworking/Reachability
    - AFNetworking/Security
    - AFNetworking/Serialization
  - AFNetworking/Reachability (4.0.1)
  - AFNetworking/Security (4.0.1)
  - AFNetworking/Serialization (4.0.1)
  - AFNetworking/UIKit (4.0.1):
    - AFNetworking/NSURLSession
  - AwaitKit (5.2.0):
    - PromiseKit (~> 6)
  - AwesomeSpotlightView (0.1.15)
  - CocoaLumberjack/Core (3.7.4)
  - CocoaLumberjack/Swift (3.7.4):
    - CocoaLumberjack/Core
  - Connectivity (5.0.0)
  - DynamicBlurView (4.1.0)
  - GSMessages (1.7.5)
  - KeychainAccess (4.2.2)
  - Logging (1.4.0)
  - lottie-ios (3.4.3)
  - NicoProgress (0.4.0)
  - PopupDialog (1.1.1):
    - DynamicBlurView (~> 4.0)
  - PromiseKit (6.18.1):
    - PromiseKit/CorePromise (= 6.18.1)
    - PromiseKit/Foundation (= 6.18.1)
    - PromiseKit/UIKit (= 6.18.1)
  - PromiseKit/CorePromise (6.18.1)
  - PromiseKit/Foundation (6.18.1):
    - PromiseKit/CorePromise
  - PromiseKit/UIKit (6.18.1):
    - PromiseKit/CorePromise
  - ReachabilitySwift (5.0.0)
  - RQShineLabel (1.0.0)
  - SecurityKit (1.0.2)
  - SnapshotTesting (1.9.0)
  - SwiftMessages (9.0.6):
    - SwiftMessages/App (= 9.0.6)
  - SwiftMessages/App (9.0.6)
  - SwiftyStoreKit (0.16.1)
  - TrustKit (2.0.1)

DEPENDENCIES:
  - AFNetworking
  - AwaitKit (from `https://github.com/yannickl/AwaitKit.git`, commit `4b725f40dd189f40c0962cba792f06a2073bd977`)
  - AwesomeSpotlightView
  - CocoaLumberjack/Swift
  - Connectivity
  - GSMessages
  - KeychainAccess
  - Logging
  - lottie-ios
  - NicoProgress
  - PopupDialog
  - PromiseKit
  - ReachabilitySwift
  - RQShineLabel
  - SecurityKit
  - SnapshotTesting
  - SwiftMessages
  - SwiftyStoreKit
  - TrustKit

SPEC REPOS:
  trunk:
    - AFNetworking
    - AwesomeSpotlightView
    - CocoaLumberjack
    - Connectivity
    - DynamicBlurView
    - GSMessages
    - KeychainAccess
    - Logging
    - lottie-ios
    - NicoProgress
    - PopupDialog
    - PromiseKit
    - ReachabilitySwift
    - RQShineLabel
    - SecurityKit
    - SnapshotTesting
    - SwiftMessages
    - SwiftyStoreKit
    - TrustKit

EXTERNAL SOURCES:
  AwaitKit:
    :commit: 4b725f40dd189f40c0962cba792f06a2073bd977
    :git: https://github.com/yannickl/AwaitKit.git

CHECKOUT OPTIONS:
  AwaitKit:
    :commit: 4b725f40dd189f40c0962cba792f06a2073bd977
    :git: https://github.com/yannickl/AwaitKit.git

SPEC CHECKSUMS:
  AFNetworking: 7864c38297c79aaca1500c33288e429c3451fdce
  AwaitKit: 512626cd12c82b1fbffddc8f414d0364cb456004
  AwesomeSpotlightView: 51b2d3a2262f251ed0b7735b73fe658a13e8f14b
  CocoaLumberjack: 543c79c114dadc3b1aba95641d8738b06b05b646
  Connectivity: e990703fb8d8db54649ea05facac92000cc0f3eb
  DynamicBlurView: 58e18fae80bb614e34681a4486870e7d257b62e8
  GSMessages: ff0397d30b804fa38c6026fb080b8ad6f7454ab6
  KeychainAccess: c0c4f7f38f6fc7bbe58f5702e25f7bd2f65abf51
  Logging: beeb016c9c80cf77042d62e83495816847ef108b
  lottie-ios: 9ae750cdc7820fecbd3c2f0cfc493038208fcdc4
  NicoProgress: 8e26d401623a1ba9456748b04b30183d5e212d25
  PopupDialog: 720c92befd8bc23c13442254945213db5612f149
  PromiseKit: 49d70c53d5d20e346beaea4b276b5dd2ab446bb4
  ReachabilitySwift: 985039c6f7b23a1da463388634119492ff86c825
  RQShineLabel: 17457abf7250d1220ddd99bc61323d57563344cd
  SecurityKit: e124c056f32c3bc4a1ad89a5f4208ae5f3ce2a8e
  SnapshotTesting: 6141c48b6aa76ead61431ca665c14ab9a066c53b
  SwiftMessages: f0c7ef4705a570ad6c5e208b611f4333e660ed92
  SwiftyStoreKit: 6b9c08810269f030586dac1fae8e75871a82e84a
  TrustKit: dad4c3a08248c21fcb9a3b5be3c2e2b9d4f9b973

PODFILE CHECKSUM: 367ca7477234e42f617c0d41818148a9fc2ae041

COCOAPODS: 1.11.3
